
Microsoft Visual Studio Solution File, Format Version 12.00
# Visual Studio Version 17
VisualStudioVersion = 17.13.35825.156
MinimumVisualStudioVersion = 10.0.40219.1
Project("{FAE04EC0-301F-11D3-BF4B-00C04F79EFBC}") = "Cacs.Domain", "Cacs.Domain\Cacs.Domain.csproj", "{70A7D802-7D5B-4008-A623-2DE8A144B8DA}"
EndProject
Project("{FAE04EC0-301F-11D3-BF4B-00C04F79EFBC}") = "Cacs.Application", "Cacs.Application\Cacs.Application.csproj", "{277644B0-9FA4-4CF3-A4F4-BA1017B2C308}"
EndProject
Project("{FAE04EC0-301F-11D3-BF4B-00C04F79EFBC}") = "Cacs.API", "Cacs.API\Cacs.API.csproj", "{21661D32-1086-459B-B8E5-75533044EA62}"
EndProject
Project("{FAE04EC0-301F-11D3-BF4B-00C04F79EFBC}") = "Cacs.Web", "Cacs.Web\Cacs.Web.csproj", "{F4946AB8-9501-4B3F-92D6-53F25344C75B}"
EndProject
Project("{FAE04EC0-301F-11D3-BF4B-00C04F79EFBC}") = "Cacs.Shared", "Cacs.Shared\Cacs.Shared.csproj", "{9F499543-F1F7-4607-8F7F-493C76F56031}"
EndProject
Global
	GlobalSection(SolutionConfigurationPlatforms) = preSolution
		Debug|Any CPU = Debug|Any CPU
		Release|Any CPU = Release|Any CPU
	EndGlobalSection
	GlobalSection(ProjectConfigurationPlatforms) = postSolution
		{70A7D802-7D5B-4008-A623-2DE8A144B8DA}.Debug|Any CPU.ActiveCfg = Debug|Any CPU
		{70A7D802-7D5B-4008-A623-2DE8A144B8DA}.Debug|Any CPU.Build.0 = Debug|Any CPU
		{70A7D802-7D5B-4008-A623-2DE8A144B8DA}.Release|Any CPU.ActiveCfg = Release|Any CPU
		{70A7D802-7D5B-4008-A623-2DE8A144B8DA}.Release|Any CPU.Build.0 = Release|Any CPU
		{277644B0-9FA4-4CF3-A4F4-BA1017B2C308}.Debug|Any CPU.ActiveCfg = Debug|Any CPU
		{277644B0-9FA4-4CF3-A4F4-BA1017B2C308}.Debug|Any CPU.Build.0 = Debug|Any CPU
		{277644B0-9FA4-4CF3-A4F4-BA1017B2C308}.Release|Any CPU.ActiveCfg = Release|Any CPU
		{277644B0-9FA4-4CF3-A4F4-BA1017B2C308}.Release|Any CPU.Build.0 = Release|Any CPU
		{21661D32-1086-459B-B8E5-75533044EA62}.Debug|Any CPU.ActiveCfg = Debug|Any CPU
		{21661D32-1086-459B-B8E5-75533044EA62}.Debug|Any CPU.Build.0 = Debug|Any CPU
		{21661D32-1086-459B-B8E5-75533044EA62}.Release|Any CPU.ActiveCfg = Release|Any CPU
		{21661D32-1086-459B-B8E5-75533044EA62}.Release|Any CPU.Build.0 = Release|Any CPU
		{F4946AB8-9501-4B3F-92D6-53F25344C75B}.Debug|Any CPU.ActiveCfg = Debug|Any CPU
		{F4946AB8-9501-4B3F-92D6-53F25344C75B}.Debug|Any CPU.Build.0 = Debug|Any CPU
		{F4946AB8-9501-4B3F-92D6-53F25344C75B}.Release|Any CPU.ActiveCfg = Release|Any CPU
		{F4946AB8-9501-4B3F-92D6-53F25344C75B}.Release|Any CPU.Build.0 = Release|Any CPU
		{9F499543-F1F7-4607-8F7F-493C76F56031}.Debug|Any CPU.ActiveCfg = Debug|Any CPU
		{9F499543-F1F7-4607-8F7F-493C76F56031}.Debug|Any CPU.Build.0 = Debug|Any CPU
		{9F499543-F1F7-4607-8F7F-493C76F56031}.Release|Any CPU.ActiveCfg = Release|Any CPU
		{9F499543-F1F7-4607-8F7F-493C76F56031}.Release|Any CPU.Build.0 = Release|Any CPU
	EndGlobalSection
	GlobalSection(SolutionProperties) = preSolution
		HideSolutionNode = FALSE
	EndGlobalSection
	GlobalSection(ExtensibilityGlobals) = postSolution
		SolutionGuid = {B62E9267-0A04-417E-8607-A2920180E62D}
	EndGlobalSection
EndGlobal
